
Microsoft Visual Studio Solution File, Format Version 12.00
# Visual Studio Version 16
VisualStudioVersion = 16.0.31025.194
MinimumVisualStudioVersion = 10.0.40219.1
Project("{FAE04EC0-301F-11D3-BF4B-00C04F79EFBC}") = "Radical Radiation", "Radical Radiation.csproj", "{AD189054-5093-4AB6-88BC-971DE48C9724}"
EndProject
Global
	GlobalSection(SolutionConfigurationPlatforms) = preSolution
		Debug|Any CPU = Debug|Any CPU
		Release|Any CPU = Release|Any CPU
	EndGlobalSection
	GlobalSection(ProjectConfigurationPlatforms) = postSolution
		{AD189054-5093-4AB6-88BC-971DE48C9724}.Debug|Any CPU.ActiveCfg = Debug|Any CPU
		{AD189054-5093-4AB6-88BC-971DE48C9724}.Debug|Any CPU.Build.0 = Debug|Any CPU
		{AD189054-5093-4AB6-88BC-971DE48C9724}.Release|Any CPU.ActiveCfg = Release|Any CPU
		{AD189054-5093-4AB6-88BC-971DE48C9724}.Release|Any CPU.Build.0 = Release|Any CPU
	EndGlobalSection
	GlobalSection(SolutionProperties) = preSolution
		HideSolutionNode = FALSE
	EndGlobalSection
	GlobalSection(ExtensibilityGlobals) = postSolution
		SolutionGuid = {78795B1D-E438-4544-992D-FBEC545CC40B}
	EndGlobalSection
EndGlobal
